<Solution>
  <Folder Name="/src/">
    <Project Path="src/CollisionDocNet.Cli/CollisionDocNet.Cli.csproj" />
    <Project Path="src/CollisionDocNet.Conversion/CollisionDocNet.Conversion.csproj" />
    <Project Path="src/CollisionDocNet.Core/CollisionDocNet.Core.csproj" />
    <Project Path="src/CollisionDocNet.Email/CollisionDocNet.Email.csproj" />
    <Project Path="src/CollisionDocNet.Model/CollisionDocNet.Model.csproj" />
    <Project Path="src/CollisionDocNet.Outlook/CollisionDocNet.Outlook.csproj" />
    <Project Path="src/CollisionDocNet.Pdf/CollisionDocNet.Pdf.csproj" />
    <Project Path="src/CollisionDocNet.Storage/CollisionDocNet.Storage.csproj" />
    <Project Path="src/CollisionDocNet.Writer.OpenXml/CollisionDocNet.Writer.OpenXml.csproj" />
    <Project Path="src/CollisionDocNet.Writer/CollisionDocNet.Writer.csproj" />
  </Folder>
  <Folder Name="/tests/" />
  <Folder Name="/tests/security/">
    <Project Path="tests/security/CollisionDocNet.Security.Tests/CollisionDocNet.Security.Tests.csproj" />
  </Folder>
  <Folder Name="/tests/unit/">
    <Project Path="tests/unit/CollisionDocNet.Cli.Tests/CollisionDocNet.Cli.Tests.csproj" />
    <Project Path="tests/unit/CollisionDocNet.Conversion.Tests/CollisionDocNet.Conversion.Tests.csproj" />
    <Project Path="tests/unit/CollisionDocNet.Core.Tests/CollisionDocNet.Core.Tests.csproj" />
    <Project Path="tests/unit/CollisionDocNet.Email.Tests/CollisionDocNet.Email.Tests.csproj" />
    <Project Path="tests/unit/CollisionDocNet.Model.Tests/CollisionDocNet.Model.Tests.csproj" />
    <Project Path="tests/unit/CollisionDocNet.Outlook.Tests/CollisionDocNet.Outlook.Tests.csproj" />
    <Project Path="tests/unit/CollisionDocNet.Packaging.Tests/CollisionDocNet.Packaging.Tests.csproj" />
    <Project Path="tests/unit/CollisionDocNet.Pdf.Tests/CollisionDocNet.Pdf.Tests.csproj" />
    <Project Path="tests/unit/CollisionDocNet.Storage.Tests/CollisionDocNet.Storage.Tests.csproj" />
    <Project Path="tests/unit/CollisionDocNet.Writer.OpenXml.Tests/CollisionDocNet.Writer.OpenXml.Tests.csproj" />
    <Project Path="tests/unit/CollisionDocNet.Writer.Tests/CollisionDocNet.Writer.Tests.csproj" />
  </Folder>
</Solution>
