
Microsoft Visual Studio Solution File, Format Version 12.00
# Visual Studio Version 17
VisualStudioVersion = 17.0.31903.59
MinimumVisualStudioVersion = 10.0.40219.1
Project("{2150E333-8FDC-42A3-9474-1A3956D46DE8}") = "src", "src", "{827E0CD3-B72D-47B6-A68D-7590B98EB39B}"
EndProject
Project("{FAE04EC0-301F-11D3-BF4B-00C04F79EFBC}") = "CollisionRenderer.Core", "src\CollisionRenderer.Core\CollisionRenderer.Core.csproj", "{E5BE4005-0731-4174-B548-21213291343F}"
EndProject
Project("{FAE04EC0-301F-11D3-BF4B-00C04F79EFBC}") = "CollisionRenderer.Cli", "src\CollisionRenderer.Cli\CollisionRenderer.Cli.csproj", "{23F568C6-FE59-45D5-ACF6-867FECBA4BFE}"
EndProject
Project("{FAE04EC0-301F-11D3-BF4B-00C04F79EFBC}") = "CollisionRenderer.Api", "src\CollisionRenderer.Api\CollisionRenderer.Api.csproj", "{FEEE3022-CE0F-42C7-B994-3C2A4EE144C8}"
EndProject
Project("{2150E333-8FDC-42A3-9474-1A3956D46DE8}") = "tests", "tests", "{0AB3BF05-4346-4AA6-1389-037BE0695223}"
EndProject
Project("{FAE04EC0-301F-11D3-BF4B-00C04F79EFBC}") = "CollisionRenderer.Core.Tests", "tests\CollisionRenderer.Core.Tests\CollisionRenderer.Core.Tests.csproj", "{59EC29BD-9ACC-4D47-A873-C27042672F77}"
EndProject
Project("{FAE04EC0-301F-11D3-BF4B-00C04F79EFBC}") = "CollisionRenderer.Gui", "src\CollisionRenderer.Gui\CollisionRenderer.Gui.csproj", "{9D42585F-7F2A-48C9-BA18-A53B51BE5550}"
EndProject
Project("{FAE04EC0-301F-11D3-BF4B-00C04F79EFBC}") = "CollisionRenderer.Mcp", "src\CollisionRenderer.Mcp\CollisionRenderer.Mcp.csproj", "{F799E9CA-649D-4314-B238-5F28BDA21A7F}"
EndProject
Project("{FAE04EC0-301F-11D3-BF4B-00C04F79EFBC}") = "CollisionRenderer.Mcp.Tests", "tests\CollisionRenderer.Mcp.Tests\CollisionRenderer.Mcp.Tests.csproj", "{1BFB4DAA-D2D6-4461-B411-C95DBAB12B3A}"
EndProject
Global
	GlobalSection(SolutionConfigurationPlatforms) = preSolution
		Debug|Any CPU = Debug|Any CPU
		Debug|x64 = Debug|x64
		Debug|x86 = Debug|x86
		Release|Any CPU = Release|Any CPU
		Release|x64 = Release|x64
		Release|x86 = Release|x86
	EndGlobalSection
	GlobalSection(ProjectConfigurationPlatforms) = postSolution
		{E5BE4005-0731-4174-B548-21213291343F}.Debug|Any CPU.ActiveCfg = Debug|Any CPU
		{E5BE4005-0731-4174-B548-21213291343F}.Debug|Any CPU.Build.0 = Debug|Any CPU
		{E5BE4005-0731-4174-B548-21213291343F}.Debug|x64.ActiveCfg = Debug|Any CPU
		{E5BE4005-0731-4174-B548-21213291343F}.Debug|x64.Build.0 = Debug|Any CPU
		{E5BE4005-0731-4174-B548-21213291343F}.Debug|x86.ActiveCfg = Debug|Any CPU
		{E5BE4005-0731-4174-B548-21213291343F}.Debug|x86.Build.0 = Debug|Any CPU
		{E5BE4005-0731-4174-B548-21213291343F}.Release|Any CPU.ActiveCfg = Release|Any CPU
		{E5BE4005-0731-4174-B548-21213291343F}.Release|Any CPU.Build.0 = Release|Any CPU
		{E5BE4005-0731-4174-B548-21213291343F}.Release|x64.ActiveCfg = Release|Any CPU
		{E5BE4005-0731-4174-B548-21213291343F}.Release|x64.Build.0 = Release|Any CPU
		{E5BE4005-0731-4174-B548-21213291343F}.Release|x86.ActiveCfg = Release|Any CPU
		{E5BE4005-0731-4174-B548-21213291343F}.Release|x86.Build.0 = Release|Any CPU
		{23F568C6-FE59-45D5-ACF6-867FECBA4BFE}.Debug|Any CPU.ActiveCfg = Debug|Any CPU
		{23F568C6-FE59-45D5-ACF6-867FECBA4BFE}.Debug|Any CPU.Build.0 = Debug|Any CPU
		{23F568C6-FE59-45D5-ACF6-867FECBA4BFE}.Debug|x64.ActiveCfg = Debug|Any CPU
		{23F568C6-FE59-45D5-ACF6-867FECBA4BFE}.Debug|x64.Build.0 = Debug|Any CPU
		{23F568C6-FE59-45D5-ACF6-867FECBA4BFE}.Debug|x86.ActiveCfg = Debug|Any CPU
		{23F568C6-FE59-45D5-ACF6-867FECBA4BFE}.Debug|x86.Build.0 = Debug|Any CPU
		{23F568C6-FE59-45D5-ACF6-867FECBA4BFE}.Release|Any CPU.ActiveCfg = Release|Any CPU
		{23F568C6-FE59-45D5-ACF6-867FECBA4BFE}.Release|Any CPU.Build.0 = Release|Any CPU
		{23F568C6-FE59-45D5-ACF6-867FECBA4BFE}.Release|x64.ActiveCfg = Release|Any CPU
		{23F568C6-FE59-45D5-ACF6-867FECBA4BFE}.Release|x64.Build.0 = Release|Any CPU
		{23F568C6-FE59-45D5-ACF6-867FECBA4BFE}.Release|x86.ActiveCfg = Release|Any CPU
		{23F568C6-FE59-45D5-ACF6-867FECBA4BFE}.Release|x86.Build.0 = Release|Any CPU
		{FEEE3022-CE0F-42C7-B994-3C2A4EE144C8}.Debug|Any CPU.ActiveCfg = Debug|Any CPU
		{FEEE3022-CE0F-42C7-B994-3C2A4EE144C8}.Debug|Any CPU.Build.0 = Debug|Any CPU
		{FEEE3022-CE0F-42C7-B994-3C2A4EE144C8}.Debug|x64.ActiveCfg = Debug|Any CPU
		{FEEE3022-CE0F-42C7-B994-3C2A4EE144C8}.Debug|x64.Build.0 = Debug|Any CPU
		{FEEE3022-CE0F-42C7-B994-3C2A4EE144C8}.Debug|x86.ActiveCfg = Debug|Any CPU
		{FEEE3022-CE0F-42C7-B994-3C2A4EE144C8}.Debug|x86.Build.0 = Debug|Any CPU
		{FEEE3022-CE0F-42C7-B994-3C2A4EE144C8}.Release|Any CPU.ActiveCfg = Release|Any CPU
		{FEEE3022-CE0F-42C7-B994-3C2A4EE144C8}.Release|Any CPU.Build.0 = Release|Any CPU
		{FEEE3022-CE0F-42C7-B994-3C2A4EE144C8}.Release|x64.ActiveCfg = Release|Any CPU
		{FEEE3022-CE0F-42C7-B994-3C2A4EE144C8}.Release|x64.Build.0 = Release|Any CPU
		{FEEE3022-CE0F-42C7-B994-3C2A4EE144C8}.Release|x86.ActiveCfg = Release|Any CPU
		{FEEE3022-CE0F-42C7-B994-3C2A4EE144C8}.Release|x86.Build.0 = Release|Any CPU
		{59EC29BD-9ACC-4D47-A873-C27042672F77}.Debug|Any CPU.ActiveCfg = Debug|Any CPU
		{59EC29BD-9ACC-4D47-A873-C27042672F77}.Debug|Any CPU.Build.0 = Debug|Any CPU
		{59EC29BD-9ACC-4D47-A873-C27042672F77}.Debug|x64.ActiveCfg = Debug|Any CPU
		{59EC29BD-9ACC-4D47-A873-C27042672F77}.Debug|x64.Build.0 = Debug|Any CPU
		{59EC29BD-9ACC-4D47-A873-C27042672F77}.Debug|x86.ActiveCfg = Debug|Any CPU
		{59EC29BD-9ACC-4D47-A873-C27042672F77}.Debug|x86.Build.0 = Debug|Any CPU
		{59EC29BD-9ACC-4D47-A873-C27042672F77}.Release|Any CPU.ActiveCfg = Release|Any CPU
		{59EC29BD-9ACC-4D47-A873-C27042672F77}.Release|Any CPU.Build.0 = Release|Any CPU
		{59EC29BD-9ACC-4D47-A873-C27042672F77}.Release|x64.ActiveCfg = Release|Any CPU
		{59EC29BD-9ACC-4D47-A873-C27042672F77}.Release|x64.Build.0 = Release|Any CPU
		{59EC29BD-9ACC-4D47-A873-C27042672F77}.Release|x86.ActiveCfg = Release|Any CPU
		{59EC29BD-9ACC-4D47-A873-C27042672F77}.Release|x86.Build.0 = Release|Any CPU
		{9D42585F-7F2A-48C9-BA18-A53B51BE5550}.Debug|Any CPU.ActiveCfg = Debug|x64
		{9D42585F-7F2A-48C9-BA18-A53B51BE5550}.Debug|Any CPU.Build.0 = Debug|x64
		{9D42585F-7F2A-48C9-BA18-A53B51BE5550}.Debug|x64.ActiveCfg = Debug|x64
		{9D42585F-7F2A-48C9-BA18-A53B51BE5550}.Debug|x64.Build.0 = Debug|x64
		{9D42585F-7F2A-48C9-BA18-A53B51BE5550}.Debug|x86.ActiveCfg = Debug|x64
		{9D42585F-7F2A-48C9-BA18-A53B51BE5550}.Debug|x86.Build.0 = Debug|x64
		{9D42585F-7F2A-48C9-BA18-A53B51BE5550}.Release|Any CPU.ActiveCfg = Release|x64
		{9D42585F-7F2A-48C9-BA18-A53B51BE5550}.Release|Any CPU.Build.0 = Release|x64
		{9D42585F-7F2A-48C9-BA18-A53B51BE5550}.Release|x64.ActiveCfg = Release|x64
		{9D42585F-7F2A-48C9-BA18-A53B51BE5550}.Release|x64.Build.0 = Release|x64
		{9D42585F-7F2A-48C9-BA18-A53B51BE5550}.Release|x86.ActiveCfg = Release|x64
		{9D42585F-7F2A-48C9-BA18-A53B51BE5550}.Release|x86.Build.0 = Release|x64
		{F799E9CA-649D-4314-B238-5F28BDA21A7F}.Debug|Any CPU.ActiveCfg = Debug|Any CPU
		{F799E9CA-649D-4314-B238-5F28BDA21A7F}.Debug|Any CPU.Build.0 = Debug|Any CPU
		{F799E9CA-649D-4314-B238-5F28BDA21A7F}.Debug|x64.ActiveCfg = Debug|Any CPU
		{F799E9CA-649D-4314-B238-5F28BDA21A7F}.Debug|x64.Build.0 = Debug|Any CPU
		{F799E9CA-649D-4314-B238-5F28BDA21A7F}.Debug|x86.ActiveCfg = Debug|Any CPU
		{F799E9CA-649D-4314-B238-5F28BDA21A7F}.Debug|x86.Build.0 = Debug|Any CPU
		{F799E9CA-649D-4314-B238-5F28BDA21A7F}.Release|Any CPU.ActiveCfg = Release|Any CPU
		{F799E9CA-649D-4314-B238-5F28BDA21A7F}.Release|Any CPU.Build.0 = Release|Any CPU
		{F799E9CA-649D-4314-B238-5F28BDA21A7F}.Release|x64.ActiveCfg = Release|Any CPU
		{F799E9CA-649D-4314-B238-5F28BDA21A7F}.Release|x64.Build.0 = Release|Any CPU
		{F799E9CA-649D-4314-B238-5F28BDA21A7F}.Release|x86.ActiveCfg = Release|Any CPU
		{F799E9CA-649D-4314-B238-5F28BDA21A7F}.Release|x86.Build.0 = Release|Any CPU
		{1BFB4DAA-D2D6-4461-B411-C95DBAB12B3A}.Debug|Any CPU.ActiveCfg = Debug|Any CPU
		{1BFB4DAA-D2D6-4461-B411-C95DBAB12B3A}.Debug|Any CPU.Build.0 = Debug|Any CPU
		{1BFB4DAA-D2D6-4461-B411-C95DBAB12B3A}.Debug|x64.ActiveCfg = Debug|Any CPU
		{1BFB4DAA-D2D6-4461-B411-C95DBAB12B3A}.Debug|x64.Build.0 = Debug|Any CPU
		{1BFB4DAA-D2D6-4461-B411-C95DBAB12B3A}.Debug|x86.ActiveCfg = Debug|Any CPU
		{1BFB4DAA-D2D6-4461-B411-C95DBAB12B3A}.Debug|x86.Build.0 = Debug|Any CPU
		{1BFB4DAA-D2D6-4461-B411-C95DBAB12B3A}.Release|Any CPU.ActiveCfg = Release|Any CPU
		{1BFB4DAA-D2D6-4461-B411-C95DBAB12B3A}.Release|Any CPU.Build.0 = Release|Any CPU
		{1BFB4DAA-D2D6-4461-B411-C95DBAB12B3A}.Release|x64.ActiveCfg = Release|Any CPU
		{1BFB4DAA-D2D6-4461-B411-C95DBAB12B3A}.Release|x64.Build.0 = Release|Any CPU
		{1BFB4DAA-D2D6-4461-B411-C95DBAB12B3A}.Release|x86.ActiveCfg = Release|Any CPU
		{1BFB4DAA-D2D6-4461-B411-C95DBAB12B3A}.Release|x86.Build.0 = Release|Any CPU
	EndGlobalSection
	GlobalSection(SolutionProperties) = preSolution
		HideSolutionNode = FALSE
	EndGlobalSection
	GlobalSection(NestedProjects) = preSolution
		{E5BE4005-0731-4174-B548-21213291343F} = {827E0CD3-B72D-47B6-A68D-7590B98EB39B}
		{23F568C6-FE59-45D5-ACF6-867FECBA4BFE} = {827E0CD3-B72D-47B6-A68D-7590B98EB39B}
		{FEEE3022-CE0F-42C7-B994-3C2A4EE144C8} = {827E0CD3-B72D-47B6-A68D-7590B98EB39B}
		{59EC29BD-9ACC-4D47-A873-C27042672F77} = {0AB3BF05-4346-4AA6-1389-037BE0695223}
		{9D42585F-7F2A-48C9-BA18-A53B51BE5550} = {827E0CD3-B72D-47B6-A68D-7590B98EB39B}
		{F799E9CA-649D-4314-B238-5F28BDA21A7F} = {827E0CD3-B72D-47B6-A68D-7590B98EB39B}
		{1BFB4DAA-D2D6-4461-B411-C95DBAB12B3A} = {0AB3BF05-4346-4AA6-1389-037BE0695223}
	EndGlobalSection
EndGlobal
